// !$*UTF8*$!
{
	archiveVersion = 1;
	classes = {
	};
	objectVersion = 48;
	objects = {

/* Begin PBXBuildFile section */
		EA31539A201D31DD00685C67 /* Util.swift in Sources */ = {isa = PBXBuildFile; fileRef = EA315399201D31DD00685C67 /* Util.swift */; };
		EA31539C201D31F600685C67 /* Linea.swift in Sources */ = {isa = PBXBuildFile; fileRef = EA31539B201D31F600685C67 /* Linea.swift */; };
		EA31539E201D31FF00685C67 /* Estacion.swift in Sources */ = {isa = PBXBuildFile; fileRef = EA31539D201D31FF00685C67 /* Estacion.swift */; };
		EA3153A0201D320D00685C67 /* DaoManager.swift in Sources */ = {isa = PBXBuildFile; fileRef = EA31539F201D320D00685C67 /* DaoManager.swift */; };
		EA3153A2201D329700685C67 /* metro.bd.sqlite in Resources */ = {isa = PBXBuildFile; fileRef = EA3153A1201D329600685C67 /* metro.bd.sqlite */; };
		EA3153A4201D390F00685C67 /* MyTableViewCell.swift in Sources */ = {isa = PBXBuildFile; fileRef = EA3153A3201D390F00685C67 /* MyTableViewCell.swift */; };
		EA3153A6201D3ACA00685C67 /* MainViewControllerLinea.swift in Sources */ = {isa = PBXBuildFile; fileRef = EA3153A5201D3ACA00685C67 /* MainViewControllerLinea.swift */; };
		EA315422201D4FCE00685C67 /* DetailViewControllerLinea.swift in Sources */ = {isa = PBXBuildFile; fileRef = EA315421201D4FCE00685C67 /* DetailViewControllerLinea.swift */; };
		EA315424201D520F00685C67 /* HexToUIColor.swift in Sources */ = {isa = PBXBuildFile; fileRef = EA315423201D520F00685C67 /* HexToUIColor.swift */; };
		EA315426201D58C300685C67 /* MyTableViewCellDetail.swift in Sources */ = {isa = PBXBuildFile; fileRef = EA315425201D58C300685C67 /* MyTableViewCellDetail.swift */; };
		EAF01A28201D2DAA00AF2C6E /* AppDelegate.swift in Sources */ = {isa = PBXBuildFile; fileRef = EAF01A27201D2DAA00AF2C6E /* AppDelegate.swift */; };
		EAF01A2D201D2DAA00AF2C6E /* Main.storyboard in Resources */ = {isa = PBXBuildFile; fileRef = EAF01A2B201D2DAA00AF2C6E /* Main.storyboard */; };
		EAF01A2F201D2DAA00AF2C6E /* Assets.xcassets in Resources */ = {isa = PBXBuildFile; fileRef = EAF01A2E201D2DAA00AF2C6E /* Assets.xcassets */; };
		EAF01A32201D2DAA00AF2C6E /* LaunchScreen.storyboard in Resources */ = {isa = PBXBuildFile; fileRef = EAF01A30201D2DAA00AF2C6E /* LaunchScreen.storyboard */; };
		EAF01A3D201D2DAA00AF2C6E /* MetroSQLiteSwiftTests.swift in Sources */ = {isa = PBXBuildFile; fileRef = EAF01A3C201D2DAA00AF2C6E /* MetroSQLiteSwiftTests.swift */; };
		EAF01A48201D2DAA00AF2C6E /* MetroSQLiteSwiftUITests.swift in Sources */ = {isa = PBXBuildFile; fileRef = EAF01A47201D2DAA00AF2C6E /* MetroSQLiteSwiftUITests.swift */; };
/* End PBXBuildFile section */

/* Begin PBXContainerItemProxy section */
		EAF01A39201D2DAA00AF2C6E /* PBXContainerItemProxy */ = {
			isa = PBXContainerItemProxy;
			containerPortal = EAF01A1C201D2DAA00AF2C6E /* Project object */;
			proxyType = 1;
			remoteGlobalIDString = EAF01A23201D2DAA00AF2C6E;
			remoteInfo = MetroSQLiteSwift;
		};
		EAF01A44201D2DAA00AF2C6E /* PBXContainerItemProxy */ = {
			isa = PBXContainerItemProxy;
			containerPortal = EAF01A1C201D2DAA00AF2C6E /* Project object */;
			proxyType = 1;
			remoteGlobalIDString = EAF01A23201D2DAA00AF2C6E;
			remoteInfo = MetroSQLiteSwift;
		};
/* End PBXContainerItemProxy section */

/* Begin PBXFileReference section */
		EA315399201D31DD00685C67 /* Util.swift */ = {isa = PBXFileReference; fileEncoding = 4; lastKnownFileType = sourcecode.swift; path = Util.swift; sourceTree = "<group>"; };
		EA31539B201D31F600685C67 /* Linea.swift */ = {isa = PBXFileReference; lastKnownFileType = sourcecode.swift; path = Linea.swift; sourceTree = "<group>"; };
		EA31539D201D31FF00685C67 /* Estacion.swift */ = {isa = PBXFileReference; lastKnownFileType = sourcecode.swift; path = Estacion.swift; sourceTree = "<group>"; };
		EA31539F201D320D00685C67 /* DaoManager.swift */ = {isa = PBXFileReference; fileEncoding = 4; lastKnownFileType = sourcecode.swift; path = DaoManager.swift; sourceTree = "<group>"; };
		EA3153A1201D329600685C67 /* metro.bd.sqlite */ = {isa = PBXFileReference; lastKnownFileType = file; path = metro.bd.sqlite; sourceTree = "<group>"; };
		EA3153A3201D390F00685C67 /* MyTableViewCell.swift */ = {isa = PBXFileReference; lastKnownFileType = sourcecode.swift; path = MyTableViewCell.swift; sourceTree = "<group>"; };
		EA3153A5201D3ACA00685C67 /* MainViewControllerLinea.swift */ = {isa = PBXFileReference; lastKnownFileType = sourcecode.swift; path = MainViewControllerLinea.swift; sourceTree = "<group>"; };
		EA315421201D4FCE00685C67 /* DetailViewControllerLinea.swift */ = {isa = PBXFileReference; lastKnownFileType = sourcecode.swift; path = DetailViewControllerLinea.swift; sourceTree = "<group>"; };
		EA315423201D520F00685C67 /* HexToUIColor.swift */ = {isa = PBXFileReference; lastKnownFileType = sourcecode.swift; path = HexToUIColor.swift; sourceTree = "<group>"; };
		EA315425201D58C300685C67 /* MyTableViewCellDetail.swift */ = {isa = PBXFileReference; lastKnownFileType = sourcecode.swift; path = MyTableViewCellDetail.swift; sourceTree = "<group>"; };
		EAF01A24201D2DAA00AF2C6E /* MetroSQLiteSwift.app */ = {isa = PBXFileReference; explicitFileType = wrapper.application; includeInIndex = 0; path = MetroSQLiteSwift.app; sourceTree = BUILT_PRODUCTS_DIR; };
		EAF01A27201D2DAA00AF2C6E /* AppDelegate.swift */ = {isa = PBXFileReference; lastKnownFileType = sourcecode.swift; path = AppDelegate.swift; sourceTree = "<group>"; };
		EAF01A2C201D2DAA00AF2C6E /* Base */ = {isa = PBXFileReference; lastKnownFileType = file.storyboard; name = Base; path = Base.lproj/Main.storyboard; sourceTree = "<group>"; };
		EAF01A2E201D2DAA00AF2C6E /* Assets.xcassets */ = {isa = PBXFileReference; lastKnownFileType = folder.assetcatalog; path = Assets.xcassets; sourceTree = "<group>"; };
		EAF01A31201D2DAA00AF2C6E /* Base */ = {isa = PBXFileReference; lastKnownFileType = file.storyboard; name = Base; path = Base.lproj/LaunchScreen.storyboard; sourceTree = "<group>"; };
		EAF01A33201D2DAA00AF2C6E /* Info.plist */ = {isa = PBXFileReference; lastKnownFileType = text.plist.xml; path = Info.plist; sourceTree = "<group>"; };
		EAF01A38201D2DAA00AF2C6E /* MetroSQLiteSwiftTests.xctest */ = {isa = PBXFileReference; explicitFileType = wrapper.cfbundle; includeInIndex = 0; path = MetroSQLiteSwiftTests.xctest; sourceTree = BUILT_PRODUCTS_DIR; };
		EAF01A3C201D2DAA00AF2C6E /* MetroSQLiteSwiftTests.swift */ = {isa = PBXFileReference; lastKnownFileType = sourcecode.swift; path = MetroSQLiteSwiftTests.swift; sourceTree = "<group>"; };
		EAF01A3E201D2DAA00AF2C6E /* Info.plist */ = {isa = PBXFileReference; lastKnownFileType = text.plist.xml; path = Info.plist; sourceTree = "<group>"; };
		EAF01A43201D2DAA00AF2C6E /* MetroSQLiteSwiftUITests.xctest */ = {isa = PBXFileReference; explicitFileType = wrapper.cfbundle; includeInIndex = 0; path = MetroSQLiteSwiftUITests.xctest; sourceTree = BUILT_PRODUCTS_DIR; };
		EAF01A47201D2DAA00AF2C6E /* MetroSQLiteSwiftUITests.swift */ = {isa = PBXFileReference; lastKnownFileType = sourcecode.swift; path = MetroSQLiteSwiftUITests.swift; sourceTree = "<group>"; };
		EAF01A49201D2DAA00AF2C6E /* Info.plist */ = {isa = PBXFileReference; lastKnownFileType = text.plist.xml; path = Info.plist; sourceTree = "<group>"; };
/* End PBXFileReference section */

/* Begin PBXFrameworksBuildPhase section */
		EAF01A21201D2DAA00AF2C6E /* Frameworks */ = {
			isa = PBXFrameworksBuildPhase;
			buildActionMask = 2147483647;
			files = (
			);
			runOnlyForDeploymentPostprocessing = 0;
		};
		EAF01A35201D2DAA00AF2C6E /* Frameworks */ = {
			isa = PBXFrameworksBuildPhase;
			buildActionMask = 2147483647;
			files = (
			);
			runOnlyForDeploymentPostprocessing = 0;
		};
		EAF01A40201D2DAA00AF2C6E /* Frameworks */ = {
			isa = PBXFrameworksBuildPhase;
			buildActionMask = 2147483647;
			files = (
			);
			runOnlyForDeploymentPostprocessing = 0;
		};
/* End PBXFrameworksBuildPhase section */

/* Begin PBXGroup section */
		EA315392201D309000685C67 /* views */ = {
			isa = PBXGroup;
			children = (
				EA3153A3201D390F00685C67 /* MyTableViewCell.swift */,
				EA3153A5201D3ACA00685C67 /* MainViewControllerLinea.swift */,
				EA315421201D4FCE00685C67 /* DetailViewControllerLinea.swift */,
				EA315425201D58C300685C67 /* MyTableViewCellDetail.swift */,
			);
			path = views;
			sourceTree = "<group>";
		};
		EA315395201D31B500685C67 /* models */ = {
			isa = PBXGroup;
			children = (
				EA315398201D31CB00685C67 /* entities */,
				EA315397201D31C600685C67 /* dao */,
			);
			path = models;
			sourceTree = "<group>";
		};
		EA315396201D31BC00685C67 /* util */ = {
			isa = PBXGroup;
			children = (
				EA315399201D31DD00685C67 /* Util.swift */,
				EA315423201D520F00685C67 /* HexToUIColor.swift */,
			);
			path = util;
			sourceTree = "<group>";
		};
		EA315397201D31C600685C67 /* dao */ = {
			isa = PBXGroup;
			children = (
				EA31539F201D320D00685C67 /* DaoManager.swift */,
			);
			path = dao;
			sourceTree = "<group>";
		};
		EA315398201D31CB00685C67 /* entities */ = {
			isa = PBXGroup;
			children = (
				EA31539B201D31F600685C67 /* Linea.swift */,
				EA31539D201D31FF00685C67 /* Estacion.swift */,
			);
			path = entities;
			sourceTree = "<group>";
		};
		EAF01A1B201D2DAA00AF2C6E = {
			isa = PBXGroup;
			children = (
				EAF01A26201D2DAA00AF2C6E /* MetroSQLiteSwift */,
				EAF01A3B201D2DAA00AF2C6E /* MetroSQLiteSwiftTests */,
				EAF01A46201D2DAA00AF2C6E /* MetroSQLiteSwiftUITests */,
				EAF01A25201D2DAA00AF2C6E /* Products */,
			);
			sourceTree = "<group>";
		};
		EAF01A25201D2DAA00AF2C6E /* Products */ = {
			isa = PBXGroup;
			children = (
				EAF01A24201D2DAA00AF2C6E /* MetroSQLiteSwift.app */,
				EAF01A38201D2DAA00AF2C6E /* MetroSQLiteSwiftTests.xctest */,
				EAF01A43201D2DAA00AF2C6E /* MetroSQLiteSwiftUITests.xctest */,
			);
			name = Products;
			sourceTree = "<group>";
		};
		EAF01A26201D2DAA00AF2C6E /* MetroSQLiteSwift */ = {
			isa = PBXGroup;
			children = (
				EA315396201D31BC00685C67 /* util */,
				EA315395201D31B500685C67 /* models */,
				EA315392201D309000685C67 /* views */,
				EAF01A27201D2DAA00AF2C6E /* AppDelegate.swift */,
				EAF01A2B201D2DAA00AF2C6E /* Main.storyboard */,
				EAF01A2E201D2DAA00AF2C6E /* Assets.xcassets */,
				EAF01A30201D2DAA00AF2C6E /* LaunchScreen.storyboard */,
				EAF01A33201D2DAA00AF2C6E /* Info.plist */,
				EA3153A1201D329600685C67 /* metro.bd.sqlite */,
			);
			path = MetroSQLiteSwift;
			sourceTree = "<group>";
		};
		EAF01A3B201D2DAA00AF2C6E /* MetroSQLiteSwiftTests */ = {
			isa = PBXGroup;
			children = (
				EAF01A3C201D2DAA00AF2C6E /* MetroSQLiteSwiftTests.swift */,
				EAF01A3E201D2DAA00AF2C6E /* Info.plist */,
			);
			path = MetroSQLiteSwiftTests;
			sourceTree = "<group>";
		};
		EAF01A46201D2DAA00AF2C6E /* MetroSQLiteSwiftUITests */ = {
			isa = PBXGroup;
			children = (
				EAF01A47201D2DAA00AF2C6E /* MetroSQLiteSwiftUITests.swift */,
				EAF01A49201D2DAA00AF2C6E /* Info.plist */,
			);
			path = MetroSQLiteSwiftUITests;
			sourceTree = "<group>";
		};
/* End PBXGroup section */

/* Begin PBXNativeTarget section */
		EAF01A23201D2DAA00AF2C6E /* MetroSQLiteSwift */ = {
			isa = PBXNativeTarget;
			buildConfigurationList = EAF01A4C201D2DAA00AF2C6E /* Build configuration list for PBXNativeTarget "MetroSQLiteSwift" */;
			buildPhases = (
				EAF01A20201D2DAA00AF2C6E /* Sources */,
				EAF01A21201D2DAA00AF2C6E /* Frameworks */,
				EAF01A22201D2DAA00AF2C6E /* Resources */,
			);
			buildRules = (
			);
			dependencies = (
			);
			name = MetroSQLiteSwift;
			productName = MetroSQLiteSwift;
			productReference = EAF01A24201D2DAA00AF2C6E /* MetroSQLiteSwift.app */;
			productType = "com.apple.product-type.application";
		};
		EAF01A37201D2DAA00AF2C6E /* MetroSQLiteSwiftTests */ = {
			isa = PBXNativeTarget;
			buildConfigurationList = EAF01A4F201D2DAA00AF2C6E /* Build configuration list for PBXNativeTarget "MetroSQLiteSwiftTests" */;
			buildPhases = (
				EAF01A34201D2DAA00AF2C6E /* Sources */,
				EAF01A35201D2DAA00AF2C6E /* Frameworks */,
				EAF01A36201D2DAA00AF2C6E /* Resources */,
			);
			buildRules = (
			);
			dependencies = (
				EAF01A3A201D2DAA00AF2C6E /* PBXTargetDependency */,
			);
			name = MetroSQLiteSwiftTests;
			productName = MetroSQLiteSwiftTests;
			productReference = EAF01A38201D2DAA00AF2C6E /* MetroSQLiteSwiftTests.xctest */;
			productType = "com.apple.product-type.bundle.unit-test";
		};
		EAF01A42201D2DAA00AF2C6E /* MetroSQLiteSwiftUITests */ = {
			isa = PBXNativeTarget;
			buildConfigurationList = EAF01A52201D2DAA00AF2C6E /* Build configuration list for PBXNativeTarget "MetroSQLiteSwiftUITests" */;
			buildPhases = (
				EAF01A3F201D2DAA00AF2C6E /* Sources */,
				EAF01A40201D2DAA00AF2C6E /* Frameworks */,
				EAF01A41201D2DAA00AF2C6E /* Resources */,
			);
			buildRules = (
			);
			dependencies = (
				EAF01A45201D2DAA00AF2C6E /* PBXTargetDependency */,
			);
			name = MetroSQLiteSwiftUITests;
			productName = MetroSQLiteSwiftUITests;
			productReference = EAF01A43201D2DAA00AF2C6E /* MetroSQLiteSwiftUITests.xctest */;
			productType = "com.apple.product-type.bundle.ui-testing";
		};
/* End PBXNativeTarget section */

/* Begin PBXProject section */
		EAF01A1C201D2DAA00AF2C6E /* Project object */ = {
			isa = PBXProject;
			attributes = {
				LastSwiftUpdateCheck = 0920;
				LastUpgradeCheck = 0920;
				ORGANIZATIONNAME = Jesus;
				TargetAttributes = {
					EAF01A23201D2DAA00AF2C6E = {
						CreatedOnToolsVersion = 9.2;
						ProvisioningStyle = Automatic;
					};
					EAF01A37201D2DAA00AF2C6E = {
						CreatedOnToolsVersion = 9.2;
						ProvisioningStyle = Automatic;
						TestTargetID = EAF01A23201D2DAA00AF2C6E;
					};
					EAF01A42201D2DAA00AF2C6E = {
						CreatedOnToolsVersion = 9.2;
						ProvisioningStyle = Automatic;
						TestTargetID = EAF01A23201D2DAA00AF2C6E;
					};
				};
			};
			buildConfigurationList = EAF01A1F201D2DAA00AF2C6E /* Build configuration list for PBXProject "MetroSQLiteSwift" */;
			compatibilityVersion = "Xcode 8.0";
			developmentRegion = en;
			hasScannedForEncodings = 0;
			knownRegions = (
				en,
				Base,
			);
			mainGroup = EAF01A1B201D2DAA00AF2C6E;
			productRefGroup = EAF01A25201D2DAA00AF2C6E /* Products */;
			projectDirPath = "";
			projectRoot = "";
			targets = (
				EAF01A23201D2DAA00AF2C6E /* MetroSQLiteSwift */,
				EAF01A37201D2DAA00AF2C6E /* MetroSQLiteSwiftTests */,
				EAF01A42201D2DAA00AF2C6E /* MetroSQLiteSwiftUITests */,
			);
		};
/* End PBXProject section */

/* Begin PBXResourcesBuildPhase section */
		EAF01A22201D2DAA00AF2C6E /* Resources */ = {
			isa = PBXResourcesBuildPhase;
			buildActionMask = 2147483647;
			files = (
				EAF01A32201D2DAA00AF2C6E /* LaunchScreen.storyboard in Resources */,
				EAF01A2F201D2DAA00AF2C6E /* Assets.xcassets in Resources */,
				EA3153A2201D329700685C67 /* metro.bd.sqlite in Resources */,
				EAF01A2D201D2DAA00AF2C6E /* Main.storyboard in Resources */,
			);
			runOnlyForDeploymentPostprocessing = 0;
		};
		EAF01A36201D2DAA00AF2C6E /* Resources */ = {
			isa = PBXResourcesBuildPhase;
			buildActionMask = 2147483647;
			files = (
			);
			runOnlyForDeploymentPostprocessing = 0;
		};
		EAF01A41201D2DAA00AF2C6E /* Resources */ = {
			isa = PBXResourcesBuildPhase;
			buildActionMask = 2147483647;
			files = (
			);
			runOnlyForDeploymentPostprocessing = 0;
		};
/* End PBXResourcesBuildPhase section */

/* Begin PBXSourcesBuildPhase section */
		EAF01A20201D2DAA00AF2C6E /* Sources */ = {
			isa = PBXSourcesBuildPhase;
			buildActionMask = 2147483647;
			files = (
				EA3153A4201D390F00685C67 /* MyTableViewCell.swift in Sources */,
				EA3153A0201D320D00685C67 /* DaoManager.swift in Sources */,
				EAF01A28201D2DAA00AF2C6E /* AppDelegate.swift in Sources */,
				EA3153A6201D3ACA00685C67 /* MainViewControllerLinea.swift in Sources */,
				EA31539A201D31DD00685C67 /* Util.swift in Sources */,
				EA315422201D4FCE00685C67 /* DetailViewControllerLinea.swift in Sources */,
				EA315426201D58C300685C67 /* MyTableViewCellDetail.swift in Sources */,
				EA31539C201D31F600685C67 /* Linea.swift in Sources */,
				EA315424201D520F00685C67 /* HexToUIColor.swift in Sources */,
				EA31539E201D31FF00685C67 /* Estacion.swift in Sources */,
			);
			runOnlyForDeploymentPostprocessing = 0;
		};
		EAF01A34201D2DAA00AF2C6E /* Sources */ = {
			isa = PBXSourcesBuildPhase;
			buildActionMask = 2147483647;
			files = (
				EAF01A3D201D2DAA00AF2C6E /* MetroSQLiteSwiftTests.swift in Sources */,
			);
			runOnlyForDeploymentPostprocessing = 0;
		};
		EAF01A3F201D2DAA00AF2C6E /* Sources */ = {
			isa = PBXSourcesBuildPhase;
			buildActionMask = 2147483647;
			files = (
				EAF01A48201D2DAA00AF2C6E /* MetroSQLiteSwiftUITests.swift in Sources */,
			);
			runOnlyForDeploymentPostprocessing = 0;
		};
/* End PBXSourcesBuildPhase section */

/* Begin PBXTargetDependency section */
		EAF01A3A201D2DAA00AF2C6E /* PBXTargetDependency */ = {
			isa = PBXTargetDependency;
			target = EAF01A23201D2DAA00AF2C6E /* MetroSQLiteSwift */;
			targetProxy = EAF01A39201D2DAA00AF2C6E /* PBXContainerItemProxy */;
		};
		EAF01A45201D2DAA00AF2C6E /* PBXTargetDependency */ = {
			isa = PBXTargetDependency;
			target = EAF01A23201D2DAA00AF2C6E /* MetroSQLiteSwift */;
			targetProxy = EAF01A44201D2DAA00AF2C6E /* PBXContainerItemProxy */;
		};
/* End PBXTargetDependency section */

/* Begin PBXVariantGroup section */
		EAF01A2B201D2DAA00AF2C6E /* Main.storyboard */ = {
			isa = PBXVariantGroup;
			children = (
				EAF01A2C201D2DAA00AF2C6E /* Base */,
			);
			name = Main.storyboard;
			sourceTree = "<group>";
		};
		EAF01A30201D2DAA00AF2C6E /* LaunchScreen.storyboard */ = {
			isa = PBXVariantGroup;
			children = (
				EAF01A31201D2DAA00AF2C6E /* Base */,
			);
			name = LaunchScreen.storyboard;
			sourceTree = "<group>";
		};
/* End PBXVariantGroup section */

/* Begin XCBuildConfiguration section */
		EAF01A4A201D2DAA00AF2C6E /* Debug */ = {
			isa = XCBuildConfiguration;
			buildSettings = {
				ALWAYS_SEARCH_USER_PATHS = NO;
				CLANG_ANALYZER_NONNULL = YES;
				CLANG_ANALYZER_NUMBER_OBJECT_CONVERSION = YES_AGGRESSIVE;
				CLANG_CXX_LANGUAGE_STANDARD = "gnu++14";
				CLANG_CXX_LIBRARY = "libc++";
				CLANG_ENABLE_MODULES = YES;
				CLANG_ENABLE_OBJC_ARC = YES;
				CLANG_WARN_BLOCK_CAPTURE_AUTORELEASING = YES;
				CLANG_WARN_BOOL_CONVERSION = YES;
				CLANG_WARN_COMMA = YES;
				CLANG_WARN_CONSTANT_CONVERSION = YES;
				CLANG_WARN_DIRECT_OBJC_ISA_USAGE = YES_ERROR;
				CLANG_WARN_DOCUMENTATION_COMMENTS = YES;
				CLANG_WARN_EMPTY_BODY = YES;
				CLANG_WARN_ENUM_CONVERSION = YES;
				CLANG_WARN_INFINITE_RECURSION = YES;
				CLANG_WARN_INT_CONVERSION = YES;
				CLANG_WARN_NON_LITERAL_NULL_CONVERSION = YES;
				CLANG_WARN_OBJC_LITERAL_CONVERSION = YES;
				CLANG_WARN_OBJC_ROOT_CLASS = YES_ERROR;
				CLANG_WARN_RANGE_LOOP_ANALYSIS = YES;
				CLANG_WARN_STRICT_PROTOTYPES = YES;
				CLANG_WARN_SUSPICIOUS_MOVE = YES;
				CLANG_WARN_UNGUARDED_AVAILABILITY = YES_AGGRESSIVE;
				CLANG_WARN_UNREACHABLE_CODE = YES;
				CLANG_WARN__DUPLICATE_METHOD_MATCH = YES;
				CODE_SIGN_IDENTITY = "iPhone Developer";
				COPY_PHASE_STRIP = NO;
				DEBUG_INFORMATION_FORMAT = dwarf;
				ENABLE_STRICT_OBJC_MSGSEND = YES;
				ENABLE_TESTABILITY = YES;
				GCC_C_LANGUAGE_STANDARD = gnu11;
				GCC_DYNAMIC_NO_PIC = NO;
				GCC_NO_COMMON_BLOCKS = YES;
				GCC_OPTIMIZATION_LEVEL = 0;
				GCC_PREPROCESSOR_DEFINITIONS = (
					"DEBUG=1",
					"$(inherited)",
				);
				GCC_WARN_64_TO_32_BIT_CONVERSION = YES;
				GCC_WARN_ABOUT_RETURN_TYPE = YES_ERROR;
				GCC_WARN_UNDECLARED_SELECTOR = YES;
				GCC_WARN_UNINITIALIZED_AUTOS = YES_AGGRESSIVE;
				GCC_WARN_UNUSED_FUNCTION = YES;
				GCC_WARN_UNUSED_VARIABLE = YES;
				IPHONEOS_DEPLOYMENT_TARGET = 11.2;
				MTL_ENABLE_DEBUG_INFO = YES;
				ONLY_ACTIVE_ARCH = YES;
				SDKROOT = iphoneos;
				SWIFT_ACTIVE_COMPILATION_CONDITIONS = DEBUG;
				SWIFT_OPTIMIZATION_LEVEL = "-Onone";
			};
			name = Debug;
		};
		EAF01A4B201D2DAA00AF2C6E /* Release */ = {
			isa = XCBuildConfiguration;
			buildSettings = {
				ALWAYS_SEARCH_USER_PATHS = NO;
				CLANG_ANALYZER_NONNULL = YES;
				CLANG_ANALYZER_NUMBER_OBJECT_CONVERSION = YES_AGGRESSIVE;
				CLANG_CXX_LANGUAGE_STANDARD = "gnu++14";
				CLANG_CXX_LIBRARY = "libc++";
				CLANG_ENABLE_MODULES = YES;
				CLANG_ENABLE_OBJC_ARC = YES;
				CLANG_WARN_BLOCK_CAPTURE_AUTORELEASING = YES;
				CLANG_WARN_BOOL_CONVERSION = YES;
				CLANG_WARN_COMMA = YES;
				CLANG_WARN_CONSTANT_CONVERSION = YES;
				CLANG_WARN_DIRECT_OBJC_ISA_USAGE = YES_ERROR;
				CLANG_WARN_DOCUMENTATION_COMMENTS = YES;
				CLANG_WARN_EMPTY_BODY = YES;
				CLANG_WARN_ENUM_CONVERSION = YES;
				CLANG_WARN_INFINITE_RECURSION = YES;
				CLANG_WARN_INT_CONVERSION = YES;
				CLANG_WARN_NON_LITERAL_NULL_CONVERSION = YES;
				CLANG_WARN_OBJC_LITERAL_CONVERSION = YES;
				CLANG_WARN_OBJC_ROOT_CLASS = YES_ERROR;
				CLANG_WARN_RANGE_LOOP_ANALYSIS = YES;
				CLANG_WARN_STRICT_PROTOTYPES = YES;
				CLANG_WARN_SUSPICIOUS_MOVE = YES;
				CLANG_WARN_UNGUARDED_AVAILABILITY = YES_AGGRESSIVE;
				CLANG_WARN_UNREACHABLE_CODE = YES;
				CLANG_WARN__DUPLICATE_METHOD_MATCH = YES;
				CODE_SIGN_IDENTITY = "iPhone Developer";
				COPY_PHASE_STRIP = NO;
				DEBUG_INFORMATION_FORMAT = "dwarf-with-dsym";
				ENABLE_NS_ASSERTIONS = NO;
				ENABLE_STRICT_OBJC_MSGSEND = YES;
				GCC_C_LANGUAGE_STANDARD = gnu11;
				GCC_NO_COMMON_BLOCKS = YES;
				GCC_WARN_64_TO_32_BIT_CONVERSION = YES;
				GCC_WARN_ABOUT_RETURN_TYPE = YES_ERROR;
				GCC_WARN_UNDECLARED_SELECTOR = YES;
				GCC_WARN_UNINITIALIZED_AUTOS = YES_AGGRESSIVE;
				GCC_WARN_UNUSED_FUNCTION = YES;
				GCC_WARN_UNUSED_VARIABLE = YES;
				IPHONEOS_DEPLOYMENT_TARGET = 11.2;
				MTL_ENABLE_DEBUG_INFO = NO;
				SDKROOT = iphoneos;
				SWIFT_OPTIMIZATION_LEVEL = "-Owholemodule";
				VALIDATE_PRODUCT = YES;
			};
			name = Release;
		};
		EAF01A4D201D2DAA00AF2C6E /* Debug */ = {
			isa = XCBuildConfiguration;
			buildSettings = {
				ASSETCATALOG_COMPILER_APPICON_NAME = AppIcon;
				CODE_SIGN_STYLE = Automatic;
				INFOPLIST_FILE = MetroSQLiteSwift/Info.plist;
				LD_RUNPATH_SEARCH_PATHS = "$(inherited) @executable_path/Frameworks";
				PRODUCT_BUNDLE_IDENTIFIER = net.azarquiel.MetroSQLiteSwift;
				PRODUCT_NAME = "$(TARGET_NAME)";
				SWIFT_VERSION = 4.0;
				TARGETED_DEVICE_FAMILY = "1,2";
			};
			name = Debug;
		};
		EAF01A4E201D2DAA00AF2C6E /* Release */ = {
			isa = XCBuildConfiguration;
			buildSettings = {
				ASSETCATALOG_COMPILER_APPICON_NAME = AppIcon;
				CODE_SIGN_STYLE = Automatic;
				INFOPLIST_FILE = MetroSQLiteSwift/Info.plist;
				LD_RUNPATH_SEARCH_PATHS = "$(inherited) @executable_path/Frameworks";
				PRODUCT_BUNDLE_IDENTIFIER = net.azarquiel.MetroSQLiteSwift;
				PRODUCT_NAME = "$(TARGET_NAME)";
				SWIFT_VERSION = 4.0;
				TARGETED_DEVICE_FAMILY = "1,2";
			};
			name = Release;
		};
		EAF01A50201D2DAA00AF2C6E /* Debug */ = {
			isa = XCBuildConfiguration;
			buildSettings = {
				ALWAYS_EMBED_SWIFT_STANDARD_LIBRARIES = YES;
				BUNDLE_LOADER = "$(TEST_HOST)";
				CODE_SIGN_STYLE = Automatic;
				INFOPLIST_FILE = MetroSQLiteSwiftTests/Info.plist;
				LD_RUNPATH_SEARCH_PATHS = "$(inherited) @executable_path/Frameworks @loader_path/Frameworks";
				PRODUCT_BUNDLE_IDENTIFIER = net.azarquiel.MetroSQLiteSwiftTests;
				PRODUCT_NAME = "$(TARGET_NAME)";
				SWIFT_VERSION = 4.0;
				TARGETED_DEVICE_FAMILY = "1,2";
				TEST_HOST = "$(BUILT_PRODUCTS_DIR)/MetroSQLiteSwift.app/MetroSQLiteSwift";
			};
			name = Debug;
		};
		EAF01A51201D2DAA00AF2C6E /* Release */ = {
			isa = XCBuildConfiguration;
			buildSettings = {
				ALWAYS_EMBED_SWIFT_STANDARD_LIBRARIES = YES;
				BUNDLE_LOADER = "$(TEST_HOST)";
				CODE_SIGN_STYLE = Automatic;
				INFOPLIST_FILE = MetroSQLiteSwiftTests/Info.plist;
				LD_RUNPATH_SEARCH_PATHS = "$(inherited) @executable_path/Frameworks @loader_path/Frameworks";
				PRODUCT_BUNDLE_IDENTIFIER = net.azarquiel.MetroSQLiteSwiftTests;
				PRODUCT_NAME = "$(TARGET_NAME)";
				SWIFT_VERSION = 4.0;
				TARGETED_DEVICE_FAMILY = "1,2";
				TEST_HOST = "$(BUILT_PRODUCTS_DIR)/MetroSQLiteSwift.app/MetroSQLiteSwift";
			};
			name = Release;
		};
		EAF01A53201D2DAA00AF2C6E /* Debug */ = {
			isa = XCBuildConfiguration;
			buildSettings = {
				ALWAYS_EMBED_SWIFT_STANDARD_LIBRARIES = YES;
				CODE_SIGN_STYLE = Automatic;
				INFOPLIST_FILE = MetroSQLiteSwiftUITests/Info.plist;
				LD_RUNPATH_SEARCH_PATHS = "$(inherited) @executable_path/Frameworks @loader_path/Frameworks";
				PRODUCT_BUNDLE_IDENTIFIER = net.azarquiel.MetroSQLiteSwiftUITests;
				PRODUCT_NAME = "$(TARGET_NAME)";
				SWIFT_VERSION = 4.0;
				TARGETED_DEVICE_FAMILY = "1,2";
				TEST_TARGET_NAME = MetroSQLiteSwift;
			};
			name = Debug;
		};
		EAF01A54201D2DAA00AF2C6E /* Release */ = {
			isa = XCBuildConfiguration;
			buildSettings = {
				ALWAYS_EMBED_SWIFT_STANDARD_LIBRARIES = YES;
				CODE_SIGN_STYLE = Automatic;
				INFOPLIST_FILE = MetroSQLiteSwiftUITests/Info.plist;
				LD_RUNPATH_SEARCH_PATHS = "$(inherited) @executable_path/Frameworks @loader_path/Frameworks";
				PRODUCT_BUNDLE_IDENTIFIER = net.azarquiel.MetroSQLiteSwiftUITests;
				PRODUCT_NAME = "$(TARGET_NAME)";
				SWIFT_VERSION = 4.0;
				TARGETED_DEVICE_FAMILY = "1,2";
				TEST_TARGET_NAME = MetroSQLiteSwift;
			};
			name = Release;
		};
/* End XCBuildConfiguration section */

/* Begin XCConfigurationList section */
		EAF01A1F201D2DAA00AF2C6E /* Build configuration list for PBXProject "MetroSQLiteSwift" */ = {
			isa = XCConfigurationList;
			buildConfigurations = (
				EAF01A4A201D2DAA00AF2C6E /* Debug */,
				EAF01A4B201D2DAA00AF2C6E /* Release */,
			);
			defaultConfigurationIsVisible = 0;
			defaultConfigurationName = Release;
		};
		EAF01A4C201D2DAA00AF2C6E /* Build configuration list for PBXNativeTarget "MetroSQLiteSwift" */ = {
			isa = XCConfigurationList;
			buildConfigurations = (
				EAF01A4D201D2DAA00AF2C6E /* Debug */,
				EAF01A4E201D2DAA00AF2C6E /* Release */,
			);
			defaultConfigurationIsVisible = 0;
			defaultConfigurationName = Release;
		};
		EAF01A4F201D2DAA00AF2C6E /* Build configuration list for PBXNativeTarget "MetroSQLiteSwiftTests" */ = {
			isa = XCConfigurationList;
			buildConfigurations = (
				EAF01A50201D2DAA00AF2C6E /* Debug */,
				EAF01A51201D2DAA00AF2C6E /* Release */,
			);
			defaultConfigurationIsVisible = 0;
			defaultConfigurationName = Release;
		};
		EAF01A52201D2DAA00AF2C6E /* Build configuration list for PBXNativeTarget "MetroSQLiteSwiftUITests" */ = {
			isa = XCConfigurationList;
			buildConfigurations = (
				EAF01A53201D2DAA00AF2C6E /* Debug */,
				EAF01A54201D2DAA00AF2C6E /* Release */,
			);
			defaultConfigurationIsVisible = 0;
			defaultConfigurationName = Release;
		};
/* End XCConfigurationList section */
	};
	rootObject = EAF01A1C201D2DAA00AF2C6E /* Project object */;
}
